
Microsoft Visual Studio Solution File, Format Version 12.00
Project("{FAE04EC0-301F-11D3-BF4B-00C04F79EFBC}") = "Candy.API", "Candy.API\Candy.API.csproj", "{E725BDBC-158E-4152-BCB7-4941D481DD30}"
EndProject
Project("{2150E333-8FDC-42A3-9474-1A3956D46DE8}") = "[0] API", "[0] API", "{C6268E7C-7CD0-4D56-BCC2-422FE58C47A2}"
EndProject
Project("{2150E333-8FDC-42A3-9474-1A3956D46DE8}") = "[1] BLL", "[1] BLL", "{5411C3DC-0E48-4AB1-92CE-DE7239F1BCD4}"
EndProject
Project("{2150E333-8FDC-42A3-9474-1A3956D46DE8}") = "[2] DAL", "[2] DAL", "{5631770E-ED4B-45F3-B993-A3221BD580B4}"
EndProject
Project("{FAE04EC0-301F-11D3-BF4B-00C04F79EFBC}") = "Candy.BLL", "Candy.BLL\Candy.BLL.csproj", "{229E72C3-C661-4587-9FAE-F3989E595B0C}"
EndProject
Project("{FAE04EC0-301F-11D3-BF4B-00C04F79EFBC}") = "Candy.DAL", "Candy.DAL\Candy.DAL.csproj", "{F8FC0991-FE2E-45B6-96EE-4DEE0E13FC9F}"
EndProject
Global
	GlobalSection(SolutionConfigurationPlatforms) = preSolution
		Debug|Any CPU = Debug|Any CPU
		Release|Any CPU = Release|Any CPU
	EndGlobalSection
	GlobalSection(ProjectConfigurationPlatforms) = postSolution
		{E725BDBC-158E-4152-BCB7-4941D481DD30}.Debug|Any CPU.ActiveCfg = Debug|Any CPU
		{E725BDBC-158E-4152-BCB7-4941D481DD30}.Debug|Any CPU.Build.0 = Debug|Any CPU
		{E725BDBC-158E-4152-BCB7-4941D481DD30}.Release|Any CPU.ActiveCfg = Release|Any CPU
		{E725BDBC-158E-4152-BCB7-4941D481DD30}.Release|Any CPU.Build.0 = Release|Any CPU
		{229E72C3-C661-4587-9FAE-F3989E595B0C}.Debug|Any CPU.ActiveCfg = Debug|Any CPU
		{229E72C3-C661-4587-9FAE-F3989E595B0C}.Debug|Any CPU.Build.0 = Debug|Any CPU
		{229E72C3-C661-4587-9FAE-F3989E595B0C}.Release|Any CPU.ActiveCfg = Release|Any CPU
		{229E72C3-C661-4587-9FAE-F3989E595B0C}.Release|Any CPU.Build.0 = Release|Any CPU
		{F8FC0991-FE2E-45B6-96EE-4DEE0E13FC9F}.Debug|Any CPU.ActiveCfg = Debug|Any CPU
		{F8FC0991-FE2E-45B6-96EE-4DEE0E13FC9F}.Debug|Any CPU.Build.0 = Debug|Any CPU
		{F8FC0991-FE2E-45B6-96EE-4DEE0E13FC9F}.Release|Any CPU.ActiveCfg = Release|Any CPU
		{F8FC0991-FE2E-45B6-96EE-4DEE0E13FC9F}.Release|Any CPU.Build.0 = Release|Any CPU
	EndGlobalSection
	GlobalSection(NestedProjects) = preSolution
		{E725BDBC-158E-4152-BCB7-4941D481DD30} = {C6268E7C-7CD0-4D56-BCC2-422FE58C47A2}
		{229E72C3-C661-4587-9FAE-F3989E595B0C} = {5411C3DC-0E48-4AB1-92CE-DE7239F1BCD4}
		{F8FC0991-FE2E-45B6-96EE-4DEE0E13FC9F} = {5631770E-ED4B-45F3-B993-A3221BD580B4}
	EndGlobalSection
EndGlobal
